
Microsoft Visual Studio Solution File, Format Version 12.00
# Visual Studio 15
VisualStudioVersion = 15.0.28307.421
MinimumVisualStudioVersion = 10.0.40219.1
Project("{FAE04EC0-301F-11D3-BF4B-00C04F79EFBC}") = "Capitilize", "Capitilize\Capitilize.csproj", "{55DDA113-382D-47CE-BE49-95E674CC9931}"
EndProject
Global
	GlobalSection(SolutionConfigurationPlatforms) = preSolution
		Debug|Any CPU = Debug|Any CPU
		Release|Any CPU = Release|Any CPU
	EndGlobalSection
	GlobalSection(ProjectConfigurationPlatforms) = postSolution
		{55DDA113-382D-47CE-BE49-95E674CC9931}.Debug|Any CPU.ActiveCfg = Debug|Any CPU
		{55DDA113-382D-47CE-BE49-95E674CC9931}.Debug|Any CPU.Build.0 = Debug|Any CPU
		{55DDA113-382D-47CE-BE49-95E674CC9931}.Release|Any CPU.ActiveCfg = Release|Any CPU
		{55DDA113-382D-47CE-BE49-95E674CC9931}.Release|Any CPU.Build.0 = Release|Any CPU
	EndGlobalSection
	GlobalSection(SolutionProperties) = preSolution
		HideSolutionNode = FALSE
	EndGlobalSection
	GlobalSection(ExtensibilityGlobals) = postSolution
		SolutionGuid = {D45B408C-B02D-4334-99FE-B9D0E7C9114B}
	EndGlobalSection
EndGlobal
