
Microsoft Visual Studio Solution File, Format Version 12.00
# Visual Studio 15
VisualStudioVersion = 15.0.28307.421
MinimumVisualStudioVersion = 10.0.40219.1
Project("{FAE04EC0-301F-11D3-BF4B-00C04F79EFBC}") = "SwapTwoNumbers", "SwapTwoNumber\SwapTwoNumbers.csproj", "{7637E4FD-EF5D-412C-9813-8034BD054DEA}"
EndProject
Project("{FAE04EC0-301F-11D3-BF4B-00C04F79EFBC}") = "ReverseAnIntArray", "ReverseAnIntArray\ReverseAnIntArray.csproj", "{21B8AD78-3B90-453A-B71A-AA3F40EADDC4}"
EndProject
Global
	GlobalSection(SolutionConfigurationPlatforms) = preSolution
		Debug|Any CPU = Debug|Any CPU
		Release|Any CPU = Release|Any CPU
	EndGlobalSection
	GlobalSection(ProjectConfigurationPlatforms) = postSolution
		{7637E4FD-EF5D-412C-9813-8034BD054DEA}.Debug|Any CPU.ActiveCfg = Debug|Any CPU
		{7637E4FD-EF5D-412C-9813-8034BD054DEA}.Debug|Any CPU.Build.0 = Debug|Any CPU
		{7637E4FD-EF5D-412C-9813-8034BD054DEA}.Release|Any CPU.ActiveCfg = Release|Any CPU
		{7637E4FD-EF5D-412C-9813-8034BD054DEA}.Release|Any CPU.Build.0 = Release|Any CPU
		{21B8AD78-3B90-453A-B71A-AA3F40EADDC4}.Debug|Any CPU.ActiveCfg = Debug|Any CPU
		{21B8AD78-3B90-453A-B71A-AA3F40EADDC4}.Debug|Any CPU.Build.0 = Debug|Any CPU
		{21B8AD78-3B90-453A-B71A-AA3F40EADDC4}.Release|Any CPU.ActiveCfg = Release|Any CPU
		{21B8AD78-3B90-453A-B71A-AA3F40EADDC4}.Release|Any CPU.Build.0 = Release|Any CPU
	EndGlobalSection
	GlobalSection(SolutionProperties) = preSolution
		HideSolutionNode = FALSE
	EndGlobalSection
	GlobalSection(ExtensibilityGlobals) = postSolution
		SolutionGuid = {34142711-817C-46AF-921A-251815B43933}
	EndGlobalSection
EndGlobal
